
Microsoft Visual Studio Solution File, Format Version 12.00
# Visual Studio 2013
VisualStudioVersion = 12.0.30501.0
MinimumVisualStudioVersion = 10.0.40219.1
Project("{FAE04EC0-301F-11D3-BF4B-00C04F79EFBC}") = "ConsoleApplication2", "ConsoleApplication2\ConsoleApplication2.csproj", "{EDF83D1A-8D41-4949-B046-8E1FEF90D214}"
EndProject
Global
	GlobalSection(SolutionConfigurationPlatforms) = preSolution
		Debug|Any CPU = Debug|Any CPU
		Release|Any CPU = Release|Any CPU
	EndGlobalSection
	GlobalSection(ProjectConfigurationPlatforms) = postSolution
		{EDF83D1A-8D41-4949-B046-8E1FEF90D214}.Debug|Any CPU.ActiveCfg = Debug|Any CPU
		{EDF83D1A-8D41-4949-B046-8E1FEF90D214}.Debug|Any CPU.Build.0 = Debug|Any CPU
		{EDF83D1A-8D41-4949-B046-8E1FEF90D214}.Release|Any CPU.ActiveCfg = Release|Any CPU
		{EDF83D1A-8D41-4949-B046-8E1FEF90D214}.Release|Any CPU.Build.0 = Release|Any CPU
	EndGlobalSection
	GlobalSection(SolutionProperties) = preSolution
		HideSolutionNode = FALSE
	EndGlobalSection
EndGlobal
